
Microsoft Visual Studio Solution File, Format Version 12.00
# Visual Studio Version 17
VisualStudioVersion = 17.14.36414.22
MinimumVisualStudioVersion = 10.0.40219.1
Project("{FAE04EC0-301F-11D3-BF4B-00C04F79EFBC}") = "ClassroomAllocationApp", "ClassroomAllocationApp\ClassroomAllocationApp.csproj", "{53808F6C-A132-45CA-82DD-6BCF87F8E541}"
EndProject
Global
	GlobalSection(SolutionConfigurationPlatforms) = preSolution
		Debug|Any CPU = Debug|Any CPU
		Release|Any CPU = Release|Any CPU
	EndGlobalSection
	GlobalSection(ProjectConfigurationPlatforms) = postSolution
		{53808F6C-A132-45CA-82DD-6BCF87F8E541}.Debug|Any CPU.ActiveCfg = Debug|Any CPU
		{53808F6C-A132-45CA-82DD-6BCF87F8E541}.Debug|Any CPU.Build.0 = Debug|Any CPU
		{53808F6C-A132-45CA-82DD-6BCF87F8E541}.Release|Any CPU.ActiveCfg = Release|Any CPU
		{53808F6C-A132-45CA-82DD-6BCF87F8E541}.Release|Any CPU.Build.0 = Release|Any CPU
	EndGlobalSection
	GlobalSection(SolutionProperties) = preSolution
		HideSolutionNode = FALSE
	EndGlobalSection
	GlobalSection(ExtensibilityGlobals) = postSolution
		SolutionGuid = {459A3C6F-EFB7-4E33-B48C-00703FF32038}
	EndGlobalSection
EndGlobal
